<?xml version="1.0" encoding="utf-8"?>
<Project ToolsVersion="4.0" xmlns="http://schemas.microsoft.com/developer/msbuild/2003">
  <ItemGroup>
    <Filter Include="Source Files">
      <UniqueIdentifier>{4FC737F1-C7A5-4376-A066-2A32D752A2FF}</UniqueIdentifier>
      <Extensions>cpp;c;cc;cxx;def;odl;idl;hpj;bat;asm;asmx</Extensions>
    </Filter>
    <Filter Include="Header Files">
      <UniqueIdentifier>{93995380-89BD-4b04-88EB-625FBE52EBFB}</UniqueIdentifier>
      <Extensions>h;hpp;hxx;hm;inl;inc;xsd</Extensions>
    </Filter>
    <Filter Include="Header Files\CustomNpcFocuses">
      <UniqueIdentifier>{922bb644-97d6-4b6e-a2be-1879a109da90}</UniqueIdentifier>
    </Filter>
    <Filter Include="Source Files\CustomNpcFocus">
      <UniqueIdentifier>{ec7ef82e-4226-408e-9822-e8fd13a18508}</UniqueIdentifier>
    </Filter>
    <Filter Include="Header Files\MoreViewDistance">
      <UniqueIdentifier>{49056bff-20dc-47ac-8602-33a550ebf473}</UniqueIdentifier>
    </Filter>
    <Filter Include="Source Files\MoreViewDistance">
      <UniqueIdentifier>{120ef30e-2bb3-46ec-ac29-5a198a38e21c}</UniqueIdentifier>
    </Filter>
    <Filter Include="Header Files\LoADebug">
      <UniqueIdentifier>{47645fc9-b938-4696-8075-21d80ba6de11}</UniqueIdentifier>
    </Filter>
    <Filter Include="Source Files\LoADebug">
      <UniqueIdentifier>{8763aa5f-3d59-4988-8062-bde725dab2c2}</UniqueIdentifier>
    </Filter>
    <Filter Include="Source Files\PortalDrawDistance">
      <UniqueIdentifier>{064e12bd-85e6-44f9-917e-9d5917365a04}</UniqueIdentifier>
    </Filter>
    <Filter Include="Header Files\PortalDrawDistance">
      <UniqueIdentifier>{bd4065e0-93b9-4f10-a0de-0f4a149f6da4}</UniqueIdentifier>
    </Filter>
    <Filter Include="Header Files\Test">
      <UniqueIdentifier>{dae65c06-0952-4a9e-8fb4-eae2a6cece63}</UniqueIdentifier>
    </Filter>
    <Filter Include="Source Files\Test">
      <UniqueIdentifier>{fe417a7b-4701-46a9-b290-49299015f35a}</UniqueIdentifier>
    </Filter>
    <Filter Include="Header Files\DynItemInst">
      <UniqueIdentifier>{380edbd3-57c6-403b-834b-0f82a42271fa}</UniqueIdentifier>
    </Filter>
    <Filter Include="Header Files\Levitation">
      <UniqueIdentifier>{597c60ab-008b-47c6-aa98-4107804efb8f}</UniqueIdentifier>
    </Filter>
    <Filter Include="Source Files\DynItemInst">
      <UniqueIdentifier>{91540903-ba78-421f-8c57-05bae08ffa88}</UniqueIdentifier>
    </Filter>
    <Filter Include="Source Files\Levitation">
      <UniqueIdentifier>{59817085-0e31-4499-9577-db210a56779a}</UniqueIdentifier>
    </Filter>
    <Filter Include="Source Files\DaedalusExports">
      <UniqueIdentifier>{f247ea7f-5fd0-4c99-b807-d68e1b4c9510}</UniqueIdentifier>
    </Filter>
    <Filter Include="Header Files\DaedalusExports">
      <UniqueIdentifier>{1ea2cab2-50c1-47a9-89c9-b68d8c8782c0}</UniqueIdentifier>
    </Filter>
    <Filter Include="Header Files\Util">
      <UniqueIdentifier>{acf21ede-2547-427e-90dc-81c6b36c6e49}</UniqueIdentifier>
    </Filter>
    <Filter Include="Source Files\Util">
      <UniqueIdentifier>{113b1f85-0b92-4858-8ac4-09386733677e}</UniqueIdentifier>
    </Filter>
    <Filter Include="Header Files\DynamicParsing">
      <UniqueIdentifier>{b01001b9-fd2b-459a-b27e-ff4e742cadfa}</UniqueIdentifier>
    </Filter>
    <Filter Include="Source Files\DynamicParsing">
      <UniqueIdentifier>{39f368a2-84aa-4f37-9fc0-a05d7aff7e9a}</UniqueIdentifier>
    </Filter>
  </ItemGroup>
  <ItemGroup>
    <ClInclude Include="Inc\DllMain.h">
      <Filter>Header Files</Filter>
    </ClInclude>
    <ClInclude Include="Inc\CustomNpcFocus.h">
      <Filter>Header Files\CustomNpcFocuses</Filter>
    </ClInclude>
    <ClInclude Include="Inc\MoreViewDistance.h">
      <Filter>Header Files\MoreViewDistance</Filter>
    </ClInclude>
    <ClInclude Include="Inc\LoaDebug.h">
      <Filter>Header Files\LoADebug</Filter>
    </ClInclude>
    <ClInclude Include="Inc\PortalDrawDistance.h">
      <Filter>Header Files\PortalDrawDistance</Filter>
    </ClInclude>
    <ClInclude Include="Inc\TestModule.h">
      <Filter>Header Files\Test</Filter>
    </ClInclude>
    <ClInclude Include="Inc\AdditMemory.h">
      <Filter>Header Files\DynItemInst</Filter>
    </ClInclude>
    <ClInclude Include="Inc\Configuration.h">
      <Filter>Header Files\DynItemInst</Filter>
    </ClInclude>
    <ClInclude Include="Inc\oCMobContainer.h">
      <Filter>Header Files\DynItemInst</Filter>
    </ClInclude>
    <ClInclude Include="Inc\zCOptionExtended.h">
      <Filter>Header Files\DynItemInst</Filter>
    </ClInclude>
    <ClInclude Include="Inc\zCPar_SymbolTable.h">
      <Filter>Header Files\DynItemInst</Filter>
    </ClInclude>
    <ClInclude Include="Inc\oCItemExtended.h">
      <Filter>Header Files\DynItemInst</Filter>
    </ClInclude>
    <ClInclude Include="Inc\ocgameExtended.h">
      <Filter>Header Files\DynItemInst</Filter>
    </ClInclude>
    <ClInclude Include="Inc\ObjectManager.h">
      <Filter>Header Files\DynItemInst</Filter>
    </ClInclude>
    <ClInclude Include="Inc\DynItemInst.h">
      <Filter>Header Files\DynItemInst</Filter>
    </ClInclude>
    <ClInclude Include="Inc\DynInstance.h">
      <Filter>Header Files\DynItemInst</Filter>
    </ClInclude>
    <ClInclude Include="Inc\Levitation.h">
      <Filter>Header Files\Levitation</Filter>
    </ClInclude>
    <ClInclude Include="Inc\LevitationBean.h">
      <Filter>Header Files\Levitation</Filter>
    </ClInclude>
    <ClInclude Include="Inc\DaedalusExports.h">
      <Filter>Header Files\DaedalusExports</Filter>
    </ClInclude>
    <ClInclude Include="Inc\Util.h">
      <Filter>Header Files\Util</Filter>
    </ClInclude>
    <ClInclude Include="Inc\Module.h">
      <Filter>Header Files\Util</Filter>
    </ClInclude>
    <ClInclude Include="Inc\Logger.h">
      <Filter>Header Files\Util</Filter>
    </ClInclude>
    <ClInclude Include="Inc\ISerialization.h">
      <Filter>Header Files\Util</Filter>
    </ClInclude>
    <ClInclude Include="Inc\HookManager.h">
      <Filter>Header Files\Util</Filter>
    </ClInclude>
    <ClInclude Include="Inc\DynamicParsing.h">
      <Filter>Header Files\DynamicParsing</Filter>
    </ClInclude>
  </ItemGroup>
  <ItemGroup>
    <ClCompile Include="Src\DllMain.cpp">
      <Filter>Source Files</Filter>
    </ClCompile>
    <ClCompile Include="Src\CustomNpcFocus.cpp">
      <Filter>Source Files\CustomNpcFocus</Filter>
    </ClCompile>
    <ClCompile Include="Src\MoreViewDistance.cpp">
      <Filter>Source Files\MoreViewDistance</Filter>
    </ClCompile>
    <ClCompile Include="Src\LoADebug.cpp">
      <Filter>Source Files\LoADebug</Filter>
    </ClCompile>
    <ClCompile Include="Src\PortalDrawDistance.cpp">
      <Filter>Source Files\PortalDrawDistance</Filter>
    </ClCompile>
    <ClCompile Include="Src\TestModule.cpp">
      <Filter>Source Files\Test</Filter>
    </ClCompile>
    <ClCompile Include="Src\DynInstance.cpp">
      <Filter>Source Files\DynItemInst</Filter>
    </ClCompile>
    <ClCompile Include="Src\DynItemInst.cpp">
      <Filter>Source Files\DynItemInst</Filter>
    </ClCompile>
    <ClCompile Include="Src\ObjectManager.cpp">
      <Filter>Source Files\DynItemInst</Filter>
    </ClCompile>
    <ClCompile Include="Src\Levitation.cpp">
      <Filter>Source Files\Levitation</Filter>
    </ClCompile>
    <ClCompile Include="Src\LevitationBean.cpp">
      <Filter>Source Files\Levitation</Filter>
    </ClCompile>
    <ClCompile Include="Src\DaedalusExports.cpp">
      <Filter>Source Files\DaedalusExports</Filter>
    </ClCompile>
    <ClCompile Include="Src\Configuration.cpp">
      <Filter>Source Files\Util</Filter>
    </ClCompile>
    <ClCompile Include="Src\HookManager.cpp">
      <Filter>Source Files\Util</Filter>
    </ClCompile>
    <ClCompile Include="Src\Logger.cpp">
      <Filter>Source Files\Util</Filter>
    </ClCompile>
    <ClCompile Include="Src\Module.cpp">
      <Filter>Source Files\Util</Filter>
    </ClCompile>
    <ClCompile Include="Src\Util.cpp">
      <Filter>Source Files\Util</Filter>
    </ClCompile>
    <ClCompile Include="Src\DynamicParsing.cpp">
      <Filter>Source Files\DynamicParsing</Filter>
    </ClCompile>
  </ItemGroup>
  <ItemGroup>
    <None Include="exports.def" />
    <None Include="doc\notes.txt" />
  </ItemGroup>
</Project>