<?xml version="1.0" encoding="utf-8"?>
<Project ToolsVersion="4.0" xmlns="http://schemas.microsoft.com/developer/msbuild/2003">
  <ItemGroup>
    <Filter Include="Source Files">
      <UniqueIdentifier>{4FC737F1-C7A5-4376-A066-2A32D752A2FF}</UniqueIdentifier>
      <Extensions>cpp;c;cc;cxx;def;odl;idl;hpj;bat;asm;asmx</Extensions>
    </Filter>
    <Filter Include="Header Files">
      <UniqueIdentifier>{93995380-89BD-4b04-88EB-625FBE52EBFB}</UniqueIdentifier>
      <Extensions>h;hpp;hxx;hm;inl;inc;xsd</Extensions>
    </Filter>
  </ItemGroup>
  <ItemGroup>
    <ClInclude Include="Inc\DynItemInst.h">
      <Filter>Header Files</Filter>
    </ClInclude>
    <ClInclude Include="Inc\HookManager.h">
      <Filter>Header Files</Filter>
    </ClInclude>
    <ClInclude Include="Inc\ISerialization.h">
      <Filter>Header Files</Filter>
    </ClInclude>
    <ClInclude Include="Inc\Module.h">
      <Filter>Header Files</Filter>
    </ClInclude>
    <ClInclude Include="Inc\ObjectManager.h">
      <Filter>Header Files</Filter>
    </ClInclude>
    <ClInclude Include="Inc\oCMobContainer.h">
      <Filter>Header Files</Filter>
    </ClInclude>
    <ClInclude Include="Inc\Util.h">
      <Filter>Header Files</Filter>
    </ClInclude>
    <ClInclude Include="Inc\Externals.h">
      <Filter>Header Files</Filter>
    </ClInclude>
    <ClInclude Include="Inc\Logger.h">
      <Filter>Header Files</Filter>
    </ClInclude>
    <ClInclude Include="Inc\DynInstance.h">
      <Filter>Header Files</Filter>
    </ClInclude>
    <ClInclude Include="Inc\DllMain.h">
      <Filter>Header Files</Filter>
    </ClInclude>
    <ClInclude Include="Inc\ocgameExtended.h">
      <Filter>Header Files</Filter>
    </ClInclude>
    <ClInclude Include="Inc\zCOptionExtended.h">
      <Filter>Header Files</Filter>
    </ClInclude>
    <ClInclude Include="Inc\oCItemExtended.h">
      <Filter>Header Files</Filter>
    </ClInclude>
  </ItemGroup>
  <ItemGroup>
    <ClCompile Include="Src\DynItemInst.cpp">
      <Filter>Source Files</Filter>
    </ClCompile>
    <ClCompile Include="Src\ObjectManager.cpp">
      <Filter>Source Files</Filter>
    </ClCompile>
    <ClCompile Include="Src\HookManager.cpp">
      <Filter>Source Files</Filter>
    </ClCompile>
    <ClCompile Include="Src\Util.cpp">
      <Filter>Source Files</Filter>
    </ClCompile>
    <ClCompile Include="Src\Externals.cpp">
      <Filter>Source Files</Filter>
    </ClCompile>
    <ClCompile Include="Src\Logger.cpp">
      <Filter>Source Files</Filter>
    </ClCompile>
    <ClCompile Include="Src\Module.cpp">
      <Filter>Source Files</Filter>
    </ClCompile>
    <ClCompile Include="Src\DynInstance.cpp">
      <Filter>Source Files</Filter>
    </ClCompile>
    <ClCompile Include="Src\DllMain.cpp">
      <Filter>Source Files</Filter>
    </ClCompile>
  </ItemGroup>
  <ItemGroup>
    <None Include="exports.def" />
    <None Include="Inc\notes.txt" />
  </ItemGroup>
</Project>