<?xml version="1.0" encoding="utf-8"?>
<Project ToolsVersion="4.0" xmlns="http://schemas.microsoft.com/developer/msbuild/2003">
  <ItemGroup>
    <Filter Include="Source Files">
      <UniqueIdentifier>{4FC737F1-C7A5-4376-A066-2A32D752A2FF}</UniqueIdentifier>
      <Extensions>cpp;c;cc;cxx;def;odl;idl;hpj;bat;asm;asmx</Extensions>
    </Filter>
    <Filter Include="Header Files">
      <UniqueIdentifier>{93995380-89BD-4b04-88EB-625FBE52EBFB}</UniqueIdentifier>
      <Extensions>h;hpp;hxx;hm;inl;inc;xsd</Extensions>
    </Filter>
    <Filter Include="Header Files\Levitation">
      <UniqueIdentifier>{597c60ab-008b-47c6-aa98-4107804efb8f}</UniqueIdentifier>
    </Filter>
    <Filter Include="Source Files\Levitation">
      <UniqueIdentifier>{59817085-0e31-4499-9577-db210a56779a}</UniqueIdentifier>
    </Filter>
    <Filter Include="Header Files\Util">
      <UniqueIdentifier>{acf21ede-2547-427e-90dc-81c6b36c6e49}</UniqueIdentifier>
    </Filter>
    <Filter Include="Source Files\Util">
      <UniqueIdentifier>{113b1f85-0b92-4858-8ac4-09386733677e}</UniqueIdentifier>
    </Filter>
    <Filter Include="MinHook">
      <UniqueIdentifier>{9af6455f-e02d-447f-9aba-796dbc7512da}</UniqueIdentifier>
    </Filter>
    <Filter Include="MinHook\include">
      <UniqueIdentifier>{62feaeba-ad1f-4b23-b0a8-e644a5a8f019}</UniqueIdentifier>
    </Filter>
    <Filter Include="MinHook\src">
      <UniqueIdentifier>{6884d1fd-1ea0-4a49-9f33-6efda377c4fc}</UniqueIdentifier>
    </Filter>
    <Filter Include="MinHook\src\hde">
      <UniqueIdentifier>{492eac8b-3ea1-4614-a8b3-ea4664c8a44b}</UniqueIdentifier>
    </Filter>
    <Filter Include="Header Files\Telekinesis">
      <UniqueIdentifier>{198519d7-5802-4928-b37d-1074be721bd1}</UniqueIdentifier>
    </Filter>
    <Filter Include="Source Files\Telekinesis">
      <UniqueIdentifier>{2e2fbe60-153a-4db5-a14e-c3f74707746b}</UniqueIdentifier>
    </Filter>
    <Filter Include="Source Files\api">
      <UniqueIdentifier>{0d7bd01e-72d4-4b4a-9271-eae6907261de}</UniqueIdentifier>
    </Filter>
    <Filter Include="Source Files\api\g2">
      <UniqueIdentifier>{fd7826ef-698b-460c-8c7e-463ddd67bc59}</UniqueIdentifier>
    </Filter>
    <Filter Include="Source Files\DII">
      <UniqueIdentifier>{91540903-ba78-421f-8c57-05bae08ffa88}</UniqueIdentifier>
    </Filter>
    <Filter Include="Header Files\DII">
      <UniqueIdentifier>{380edbd3-57c6-403b-834b-0f82a42271fa}</UniqueIdentifier>
    </Filter>
    <Filter Include="Header Files\General">
      <UniqueIdentifier>{1ea2cab2-50c1-47a9-89c9-b68d8c8782c0}</UniqueIdentifier>
    </Filter>
    <Filter Include="Source Files\General">
      <UniqueIdentifier>{f247ea7f-5fd0-4c99-b807-d68e1b4c9510}</UniqueIdentifier>
    </Filter>
    <Filter Include="Header Files\api">
      <UniqueIdentifier>{ee8d9897-fbcc-44b7-ae9f-e86b5ad7d09a}</UniqueIdentifier>
    </Filter>
    <Filter Include="Header Files\api\g2">
      <UniqueIdentifier>{baf6df7d-2b75-4e5a-91ae-d35aed7ff12a}</UniqueIdentifier>
    </Filter>
    <Filter Include="Header Files\api\spacer">
      <UniqueIdentifier>{a7f2df7e-dea7-4685-be42-56866d3b0d4a}</UniqueIdentifier>
    </Filter>
  </ItemGroup>
  <ItemGroup>
    <ClInclude Include="Inc\DllMain.h">
      <Filter>Header Files</Filter>
    </ClInclude>
    <ClInclude Include="Inc\Configuration.h">
      <Filter>Header Files\DII</Filter>
    </ClInclude>
    <ClInclude Include="Inc\oCMobContainer.h">
      <Filter>Header Files\DII</Filter>
    </ClInclude>
    <ClInclude Include="Inc\zCOptionExtended.h">
      <Filter>Header Files\DII</Filter>
    </ClInclude>
    <ClInclude Include="Inc\zCPar_SymbolTable.h">
      <Filter>Header Files\DII</Filter>
    </ClInclude>
    <ClInclude Include="Inc\ocgameExtended.h">
      <Filter>Header Files\DII</Filter>
    </ClInclude>
    <ClInclude Include="Inc\ObjectManager.h">
      <Filter>Header Files\DII</Filter>
    </ClInclude>
    <ClInclude Include="Inc\DynInstance.h">
      <Filter>Header Files\DII</Filter>
    </ClInclude>
    <ClInclude Include="Inc\Levitation.h">
      <Filter>Header Files\Levitation</Filter>
    </ClInclude>
    <ClInclude Include="Inc\Util.h">
      <Filter>Header Files\Util</Filter>
    </ClInclude>
    <ClInclude Include="Inc\Module.h">
      <Filter>Header Files\Util</Filter>
    </ClInclude>
    <ClInclude Include="Inc\Logger.h">
      <Filter>Header Files\Util</Filter>
    </ClInclude>
    <ClInclude Include="Inc\ISerialization.h">
      <Filter>Header Files\Util</Filter>
    </ClInclude>
    <ClInclude Include="Inc\HookManager.h">
      <Filter>Header Files\Util</Filter>
    </ClInclude>
    <ClInclude Include="Inc\Constants.h">
      <Filter>Header Files\DII</Filter>
    </ClInclude>
    <ClInclude Include="Inc\Util_Constants.h">
      <Filter>Header Files\Util</Filter>
    </ClInclude>
    <ClInclude Include="minhook-master\include\MinHook.h">
      <Filter>MinHook\include</Filter>
    </ClInclude>
    <ClInclude Include="minhook-master\src\buffer.h">
      <Filter>MinHook\src</Filter>
    </ClInclude>
    <ClInclude Include="minhook-master\src\trampoline.h">
      <Filter>MinHook\src</Filter>
    </ClInclude>
    <ClInclude Include="minhook-master\src\hde\hde32.h">
      <Filter>MinHook\src\hde</Filter>
    </ClInclude>
    <ClInclude Include="minhook-master\src\hde\hde64.h">
      <Filter>MinHook\src\hde</Filter>
    </ClInclude>
    <ClInclude Include="minhook-master\src\hde\pstdint.h">
      <Filter>MinHook\src\hde</Filter>
    </ClInclude>
    <ClInclude Include="minhook-master\src\hde\table32.h">
      <Filter>MinHook\src\hde</Filter>
    </ClInclude>
    <ClInclude Include="minhook-master\src\hde\table64.h">
      <Filter>MinHook\src\hde</Filter>
    </ClInclude>
    <ClInclude Include="Inc\Telekinesis.hpp">
      <Filter>Header Files\Telekinesis</Filter>
    </ClInclude>
    <ClInclude Include="Inc\LevitationData.h">
      <Filter>Header Files\Levitation</Filter>
    </ClInclude>
    <ClInclude Include="Inc\DII.h">
      <Filter>Header Files\DII</Filter>
    </ClInclude>
    <ClInclude Include="Inc\General.h">
      <Filter>Header Files\General</Filter>
    </ClInclude>
    <ClInclude Include="Inc\GothicFunctions.h">
      <Filter>Header Files\General</Filter>
    </ClInclude>
    <ClInclude Include="Inc\GothicMemoryLocations.h">
      <Filter>Header Files\General</Filter>
    </ClInclude>
    <ClInclude Include="Inc\api\console.h">
      <Filter>Header Files\api</Filter>
    </ClInclude>
    <ClInclude Include="Inc\api\core.h">
      <Filter>Header Files\api</Filter>
    </ClInclude>
    <ClInclude Include="Inc\api\g2ext.h">
      <Filter>Header Files\api</Filter>
    </ClInclude>
    <ClInclude Include="Inc\api\interface.h">
      <Filter>Header Files\api</Filter>
    </ClInclude>
    <ClInclude Include="Inc\api\log.h">
      <Filter>Header Files\api</Filter>
    </ClInclude>
    <ClInclude Include="Inc\api\stats.h">
      <Filter>Header Files\api</Filter>
    </ClInclude>
    <ClInclude Include="Inc\api\sysinfo.h">
      <Filter>Header Files\api</Filter>
    </ClInclude>
    <ClInclude Include="Inc\api\g2\cgamemanager.h">
      <Filter>Header Files\api\g2</Filter>
    </ClInclude>
    <ClInclude Include="Inc\api\g2\constants.h">
      <Filter>Header Files\api\g2</Filter>
    </ClInclude>
    <ClInclude Include="Inc\api\g2\macros.h">
      <Filter>Header Files\api\g2</Filter>
    </ClInclude>
    <ClInclude Include="Inc\api\g2\ocanictrl_human.h">
      <Filter>Header Files\api\g2</Filter>
    </ClInclude>
    <ClInclude Include="Inc\api\g2\ocgame.h">
      <Filter>Header Files\api\g2</Filter>
    </ClInclude>
    <ClInclude Include="Inc\api\g2\oCItemExtended.h">
      <Filter>Header Files\api\g2</Filter>
    </ClInclude>
    <ClInclude Include="Inc\api\g2\ocmob.h">
      <Filter>Header Files\api\g2</Filter>
    </ClInclude>
    <ClInclude Include="Inc\api\g2\ocnpc.h">
      <Filter>Header Files\api\g2</Filter>
    </ClInclude>
    <ClInclude Include="Inc\api\g2\ocnpcinventory.h">
      <Filter>Header Files\api\g2</Filter>
    </ClInclude>
    <ClInclude Include="Inc\api\g2\ocobjectfactory.h">
      <Filter>Header Files\api\g2</Filter>
    </ClInclude>
    <ClInclude Include="Inc\api\g2\ocspell.h">
      <Filter>Header Files\api\g2</Filter>
    </ClInclude>
    <ClInclude Include="Inc\api\g2\ocviewgothicprogressbar.h">
      <Filter>Header Files\api\g2</Filter>
    </ClInclude>
    <ClInclude Include="Inc\api\g2\ocviewprogressbar.h">
      <Filter>Header Files\api\g2</Filter>
    </ClInclude>
    <ClInclude Include="Inc\api\g2\ocviewstatusbar.h">
      <Filter>Header Files\api\g2</Filter>
    </ClInclude>
    <ClInclude Include="Inc\api\g2\ocvob.h">
      <Filter>Header Files\api\g2</Filter>
    </ClInclude>
    <ClInclude Include="Inc\api\g2\ocworldtimer.h">
      <Filter>Header Files\api\g2</Filter>
    </ClInclude>
    <ClInclude Include="Inc\api\g2\zcaiplayer.h">
      <Filter>Header Files\api\g2</Filter>
    </ClInclude>
    <ClInclude Include="Inc\api\g2\zcbsptree.h">
      <Filter>Header Files\api\g2</Filter>
    </ClInclude>
    <ClInclude Include="Inc\api\g2\zccamera.h">
      <Filter>Header Files\api\g2</Filter>
    </ClInclude>
    <ClInclude Include="Inc\api\g2\zcconsole.h">
      <Filter>Header Files\api\g2</Filter>
    </ClInclude>
    <ClInclude Include="Inc\api\g2\zcinput.h">
      <Filter>Header Files\api\g2</Filter>
    </ClInclude>
    <ClInclude Include="Inc\api\g2\zcinputcallback.h">
      <Filter>Header Files\api\g2</Filter>
    </ClInclude>
    <ClInclude Include="Inc\api\g2\zcmesh.h">
      <Filter>Header Files\api\g2</Filter>
    </ClInclude>
    <ClInclude Include="Inc\api\g2\zcmodel.h">
      <Filter>Header Files\api\g2</Filter>
    </ClInclude>
    <ClInclude Include="Inc\api\g2\zcobject.h">
      <Filter>Header Files\api\g2</Filter>
    </ClInclude>
    <ClInclude Include="Inc\api\g2\zcoption.h">
      <Filter>Header Files\api\g2</Filter>
    </ClInclude>
    <ClInclude Include="Inc\api\g2\zcpar_symbol.h">
      <Filter>Header Files\api\g2</Filter>
    </ClInclude>
    <ClInclude Include="Inc\api\g2\zcparser.h">
      <Filter>Header Files\api\g2</Filter>
    </ClInclude>
    <ClInclude Include="Inc\api\g2\zcrenderer.h">
      <Filter>Header Files\api\g2</Filter>
    </ClInclude>
    <ClInclude Include="Inc\api\g2\zcsession.h">
      <Filter>Header Files\api\g2</Filter>
    </ClInclude>
    <ClInclude Include="Inc\api\g2\zcskycontroller.h">
      <Filter>Header Files\api\g2</Filter>
    </ClInclude>
    <ClInclude Include="Inc\api\g2\zcsoundsystem.h">
      <Filter>Header Files\api\g2</Filter>
    </ClInclude>
    <ClInclude Include="Inc\api\g2\zctimer.h">
      <Filter>Header Files\api\g2</Filter>
    </ClInclude>
    <ClInclude Include="Inc\api\g2\zcview.h">
      <Filter>Header Files\api\g2</Filter>
    </ClInclude>
    <ClInclude Include="Inc\api\g2\zcvisual.h">
      <Filter>Header Files\api\g2</Filter>
    </ClInclude>
    <ClInclude Include="Inc\api\g2\zcvob.h">
      <Filter>Header Files\api\g2</Filter>
    </ClInclude>
    <ClInclude Include="Inc\api\g2\zcworld.h">
      <Filter>Header Files\api\g2</Filter>
    </ClInclude>
    <ClInclude Include="Inc\api\g2\zstring.h">
      <Filter>Header Files\api\g2</Filter>
    </ClInclude>
    <ClInclude Include="Inc\api\g2\ztypes.h">
      <Filter>Header Files\api\g2</Filter>
    </ClInclude>
    <ClInclude Include="Inc\api\spacer\constants.h">
      <Filter>Header Files\api\spacer</Filter>
    </ClInclude>
    <ClInclude Include="Inc\api\spacer\macros.h">
      <Filter>Header Files\api\spacer</Filter>
    </ClInclude>
    <ClInclude Include="Inc\api\spacer\ocgame.h">
      <Filter>Header Files\api\spacer</Filter>
    </ClInclude>
    <ClInclude Include="Inc\api\spacer\ocitem.h">
      <Filter>Header Files\api\spacer</Filter>
    </ClInclude>
    <ClInclude Include="Inc\api\spacer\ocnpc.h">
      <Filter>Header Files\api\spacer</Filter>
    </ClInclude>
    <ClInclude Include="Inc\api\spacer\ocnpcinventory.h">
      <Filter>Header Files\api\spacer</Filter>
    </ClInclude>
    <ClInclude Include="Inc\api\spacer\ocvob.h">
      <Filter>Header Files\api\spacer</Filter>
    </ClInclude>
    <ClInclude Include="Inc\api\spacer\ocworldtimer.h">
      <Filter>Header Files\api\spacer</Filter>
    </ClInclude>
    <ClInclude Include="Inc\api\spacer\zbsptree.h">
      <Filter>Header Files\api\spacer</Filter>
    </ClInclude>
    <ClInclude Include="Inc\api\spacer\zcconsole.h">
      <Filter>Header Files\api\spacer</Filter>
    </ClInclude>
    <ClInclude Include="Inc\api\spacer\zcinput.h">
      <Filter>Header Files\api\spacer</Filter>
    </ClInclude>
    <ClInclude Include="Inc\api\spacer\zcinputcallback.h">
      <Filter>Header Files\api\spacer</Filter>
    </ClInclude>
    <ClInclude Include="Inc\api\spacer\zcobject.h">
      <Filter>Header Files\api\spacer</Filter>
    </ClInclude>
    <ClInclude Include="Inc\api\spacer\zcpar_symbol.h">
      <Filter>Header Files\api\spacer</Filter>
    </ClInclude>
    <ClInclude Include="Inc\api\spacer\zcparser.h">
      <Filter>Header Files\api\spacer</Filter>
    </ClInclude>
    <ClInclude Include="Inc\api\spacer\zcsession.h">
      <Filter>Header Files\api\spacer</Filter>
    </ClInclude>
    <ClInclude Include="Inc\api\spacer\zctimer.h">
      <Filter>Header Files\api\spacer</Filter>
    </ClInclude>
    <ClInclude Include="Inc\api\spacer\zcview.h">
      <Filter>Header Files\api\spacer</Filter>
    </ClInclude>
    <ClInclude Include="Inc\api\spacer\zcvob.h">
      <Filter>Header Files\api\spacer</Filter>
    </ClInclude>
    <ClInclude Include="Inc\api\spacer\zcworld.h">
      <Filter>Header Files\api\spacer</Filter>
    </ClInclude>
    <ClInclude Include="Inc\api\spacer\zstring.h">
      <Filter>Header Files\api\spacer</Filter>
    </ClInclude>
    <ClInclude Include="Inc\api\spacer\ztypes.h">
      <Filter>Header Files\api\spacer</Filter>
    </ClInclude>
    <ClInclude Include="Inc\api\g2\zcpolygon.h">
      <Filter>Header Files\api\g2</Filter>
    </ClInclude>
    <ClInclude Include="Inc\api\g2\zcmaterial.h">
      <Filter>Header Files\api\g2</Filter>
    </ClInclude>
    <ClInclude Include="Inc\api\g2\zcvertex.h">
      <Filter>Header Files\api\g2</Filter>
    </ClInclude>
    <ClInclude Include="Inc\MathUtil.h">
      <Filter>Header Files\Util</Filter>
    </ClInclude>
  </ItemGroup>
  <ItemGroup>
    <ClCompile Include="Src\DllMain.cpp">
      <Filter>Source Files</Filter>
    </ClCompile>
    <ClCompile Include="Src\DynInstance.cpp">
      <Filter>Source Files\DII</Filter>
    </ClCompile>
    <ClCompile Include="Src\ObjectManager.cpp">
      <Filter>Source Files\DII</Filter>
    </ClCompile>
    <ClCompile Include="Src\Levitation.cpp">
      <Filter>Source Files\Levitation</Filter>
    </ClCompile>
    <ClCompile Include="Src\Configuration.cpp">
      <Filter>Source Files\Util</Filter>
    </ClCompile>
    <ClCompile Include="Src\HookManager.cpp">
      <Filter>Source Files\Util</Filter>
    </ClCompile>
    <ClCompile Include="Src\Logger.cpp">
      <Filter>Source Files\Util</Filter>
    </ClCompile>
    <ClCompile Include="Src\Module.cpp">
      <Filter>Source Files\Util</Filter>
    </ClCompile>
    <ClCompile Include="Src\Util.cpp">
      <Filter>Source Files\Util</Filter>
    </ClCompile>
    <ClCompile Include="minhook-master\src\buffer.c">
      <Filter>MinHook\src</Filter>
    </ClCompile>
    <ClCompile Include="minhook-master\src\hook.c">
      <Filter>MinHook\src</Filter>
    </ClCompile>
    <ClCompile Include="minhook-master\src\trampoline.c">
      <Filter>MinHook\src</Filter>
    </ClCompile>
    <ClCompile Include="minhook-master\src\hde\hde32.c">
      <Filter>MinHook\src\hde</Filter>
    </ClCompile>
    <ClCompile Include="minhook-master\src\hde\hde64.c">
      <Filter>MinHook\src\hde</Filter>
    </ClCompile>
    <ClCompile Include="Src\Telekinesis.cpp">
      <Filter>Source Files\Telekinesis</Filter>
    </ClCompile>
    <ClCompile Include="Src\api\g2\zcpar_symbol.cpp">
      <Filter>Source Files\api\g2</Filter>
    </ClCompile>
    <ClCompile Include="Src\LevitationData.cpp">
      <Filter>Source Files\Levitation</Filter>
    </ClCompile>
    <ClCompile Include="Src\DII.cpp">
      <Filter>Source Files\DII</Filter>
    </ClCompile>
    <ClCompile Include="Src\General.cpp">
      <Filter>Source Files\General</Filter>
    </ClCompile>
    <ClCompile Include="Src\GothicFunctions.cpp">
      <Filter>Source Files\General</Filter>
    </ClCompile>
    <ClCompile Include="Src\api\g2\ztypes.cpp">
      <Filter>Source Files\api\g2</Filter>
    </ClCompile>
    <ClCompile Include="Src\api\g2\zcmaterial.cpp">
      <Filter>Source Files\api\g2</Filter>
    </ClCompile>
  </ItemGroup>
  <ItemGroup>
    <None Include="exports.def" />
    <None Include="Inc\api\g2\ztypes.inl">
      <Filter>Header Files\api\g2</Filter>
    </None>
    <None Include="Inc\api\spacer\ztypes.inl">
      <Filter>Header Files\api\spacer</Filter>
    </None>
  </ItemGroup>
</Project>